// !$*UTF8*$!
{
	archiveVersion = 1;
	classes = {
	};
	objectVersion = 50;
	objects = {

/* Begin PBXBuildFile section */
		29456BDE24718A4800E8E7D9 /* DrillsQueueViewController.swift in Sources */ = {isa = PBXBuildFile; fileRef = 29456BDD24718A4800E8E7D9 /* DrillsQueueViewController.swift */; };
		29456BE024731E5900E8E7D9 /* DrillsQueueViewCell.swift in Sources */ = {isa = PBXBuildFile; fileRef = 29456BDF24731E5900E8E7D9 /* DrillsQueueViewCell.swift */; };
		29456BE2247434DD00E8E7D9 /* GradientBackgroundView.swift in Sources */ = {isa = PBXBuildFile; fileRef = 29456BE1247434DD00E8E7D9 /* GradientBackgroundView.swift */; };
		29456BED24770DCB00E8E7D9 /* ProgressLabelSlider.swift in Sources */ = {isa = PBXBuildFile; fileRef = 29456BEC24770DCB00E8E7D9 /* ProgressLabelSlider.swift */; };
		295AC80F246B132E00A1805D /* TestCoreDataHelper.swift in Sources */ = {isa = PBXBuildFile; fileRef = 295AC80E246B132E00A1805D /* TestCoreDataHelper.swift */; };
		295AC811246B2E5B00A1805D /* AttemptsTrackerTests.swift in Sources */ = {isa = PBXBuildFile; fileRef = 295AC810246B2E5B00A1805D /* AttemptsTrackerTests.swift */; };
		295AC813246B2E6B00A1805D /* DurationTrackerTests.swift in Sources */ = {isa = PBXBuildFile; fileRef = 295AC812246B2E6B00A1805D /* DurationTrackerTests.swift */; };
		295AC815246B2E7A00A1805D /* DrillTrackerTests.swift in Sources */ = {isa = PBXBuildFile; fileRef = 295AC814246B2E7A00A1805D /* DrillTrackerTests.swift */; };
		295AC817246DACF600A1805D /* DrillRecord.swift in Sources */ = {isa = PBXBuildFile; fileRef = 295AC816246DACF600A1805D /* DrillRecord.swift */; };
		295AC819246DCC2000A1805D /* DrillRecorder.swift in Sources */ = {isa = PBXBuildFile; fileRef = 295AC818246DCC2000A1805D /* DrillRecorder.swift */; };
		295AC81B246DCE9300A1805D /* DrillRecorderTests.swift in Sources */ = {isa = PBXBuildFile; fileRef = 295AC81A246DCE9300A1805D /* DrillRecorderTests.swift */; };
		295AC81D246DE37900A1805D /* ResultsViewController.swift in Sources */ = {isa = PBXBuildFile; fileRef = 295AC81C246DE37900A1805D /* ResultsViewController.swift */; };
		295AC820247034FC00A1805D /* FetchedTableViewController.swift in Sources */ = {isa = PBXBuildFile; fileRef = 295AC81F247034FC00A1805D /* FetchedTableViewController.swift */; };
		29874EE2247D97E300061787 /* ActionButton.swift in Sources */ = {isa = PBXBuildFile; fileRef = 29874EE1247D97E300061787 /* ActionButton.swift */; };
		29874F2A247F9D4D00061787 /* SeparatorlessCell.swift in Sources */ = {isa = PBXBuildFile; fileRef = 29874F29247F9D4D00061787 /* SeparatorlessCell.swift */; };
		29874F2C248271BF00061787 /* GradientBackgroundTableView.swift in Sources */ = {isa = PBXBuildFile; fileRef = 29874F2B248271BF00061787 /* GradientBackgroundTableView.swift */; };
		29888881242E9A8A00D11427 /* DrillSetupViewController.swift in Sources */ = {isa = PBXBuildFile; fileRef = 29888880242E9A8A00D11427 /* DrillSetupViewController.swift */; };
		29888883242FF18700D11427 /* FetchedRoutinesViewController.swift in Sources */ = {isa = PBXBuildFile; fileRef = 29888882242FF18700D11427 /* FetchedRoutinesViewController.swift */; };
		298888852430DAB300D11427 /* RoutineSetupViewController.swift in Sources */ = {isa = PBXBuildFile; fileRef = 298888842430DAB300D11427 /* RoutineSetupViewController.swift */; };
		298888872431291F00D11427 /* DrillsSelectionViewController.swift in Sources */ = {isa = PBXBuildFile; fileRef = 298888862431291F00D11427 /* DrillsSelectionViewController.swift */; };
		298888D22437D4A100D11427 /* CoreDataStack.swift in Sources */ = {isa = PBXBuildFile; fileRef = 298888D12437D4A100D11427 /* CoreDataStack.swift */; };
		298888D52438CD7B00D11427 /* PoolDrills.xcdatamodeld in Sources */ = {isa = PBXBuildFile; fileRef = 298888D32438CD7B00D11427 /* PoolDrills.xcdatamodeld */; };
		29933D54241438400013EB94 /* AppDelegate.swift in Sources */ = {isa = PBXBuildFile; fileRef = 29933D53241438400013EB94 /* AppDelegate.swift */; };
		29933D56241438400013EB94 /* SceneDelegate.swift in Sources */ = {isa = PBXBuildFile; fileRef = 29933D55241438400013EB94 /* SceneDelegate.swift */; };
		29933D5B241438400013EB94 /* Main.storyboard in Resources */ = {isa = PBXBuildFile; fileRef = 29933D59241438400013EB94 /* Main.storyboard */; };
		29933D5D241438420013EB94 /* Assets.xcassets in Resources */ = {isa = PBXBuildFile; fileRef = 29933D5C241438420013EB94 /* Assets.xcassets */; };
		29933D60241438420013EB94 /* LaunchScreen.storyboard in Resources */ = {isa = PBXBuildFile; fileRef = 29933D5E241438420013EB94 /* LaunchScreen.storyboard */; };
		29933D76241438430013EB94 /* PoolDrillsUITests.swift in Sources */ = {isa = PBXBuildFile; fileRef = 29933D75241438430013EB94 /* PoolDrillsUITests.swift */; };
		29933D88241439150013EB94 /* FetchedDrillsViewController.swift in Sources */ = {isa = PBXBuildFile; fileRef = 29933D87241439150013EB94 /* FetchedDrillsViewController.swift */; };
		29A303B8247BD3540038E3D2 /* ConfirmationPopoverViewController.swift in Sources */ = {isa = PBXBuildFile; fileRef = 29A303B7247BD3540038E3D2 /* ConfirmationPopoverViewController.swift */; };
		29A303BA247C02400038E3D2 /* ConfirmationPopoverView.xib in Resources */ = {isa = PBXBuildFile; fileRef = 29A303B9247C02400038E3D2 /* ConfirmationPopoverView.xib */; };
		29B38E412448E03C005EEB1B /* RoutineCell.swift in Sources */ = {isa = PBXBuildFile; fileRef = 29B38E402448E03C005EEB1B /* RoutineCell.swift */; };
		29B38E43244B83AF005EEB1B /* DrillTracker.swift in Sources */ = {isa = PBXBuildFile; fileRef = 29B38E42244B83AF005EEB1B /* DrillTracker.swift */; };
		29B38E552465D4EF005EEB1B /* DurationTracker.swift in Sources */ = {isa = PBXBuildFile; fileRef = 29B38E542465D4EF005EEB1B /* DurationTracker.swift */; };
		29B38E572465D5BA005EEB1B /* AttemptsTracker.swift in Sources */ = {isa = PBXBuildFile; fileRef = 29B38E562465D5BA005EEB1B /* AttemptsTracker.swift */; };
		29D0DDD7247955AD0012882D /* DrillCell.swift in Sources */ = {isa = PBXBuildFile; fileRef = 29D0DDD6247955AD0012882D /* DrillCell.swift */; };
		29D0DDDA24798E3F0012882D /* Extensions.swift in Sources */ = {isa = PBXBuildFile; fileRef = 29D0DDD924798E3F0012882D /* Extensions.swift */; };
		29D0DDDD24798F470012882D /* CustomSelectedBackgroundCell.swift in Sources */ = {isa = PBXBuildFile; fileRef = 29D0DDDC24798F470012882D /* CustomSelectedBackgroundCell.swift */; };
		29D4D6DD248437680060B819 /* ResultsViewCell.swift in Sources */ = {isa = PBXBuildFile; fileRef = 29D4D6DC248437680060B819 /* ResultsViewCell.swift */; };
		29D660C52447861C00339A03 /* RoutineRunningViewController.swift in Sources */ = {isa = PBXBuildFile; fileRef = 29D660C42447861C00339A03 /* RoutineRunningViewController.swift */; };
/* End PBXBuildFile section */

/* Begin PBXContainerItemProxy section */
		29933D67241438420013EB94 /* PBXContainerItemProxy */ = {
			isa = PBXContainerItemProxy;
			containerPortal = 29933D48241438400013EB94 /* Project object */;
			proxyType = 1;
			remoteGlobalIDString = 29933D4F241438400013EB94;
			remoteInfo = PoolDrills;
		};
		29933D72241438430013EB94 /* PBXContainerItemProxy */ = {
			isa = PBXContainerItemProxy;
			containerPortal = 29933D48241438400013EB94 /* Project object */;
			proxyType = 1;
			remoteGlobalIDString = 29933D4F241438400013EB94;
			remoteInfo = PoolDrills;
		};
/* End PBXContainerItemProxy section */

/* Begin PBXFileReference section */
		29456BDD24718A4800E8E7D9 /* DrillsQueueViewController.swift */ = {isa = PBXFileReference; lastKnownFileType = sourcecode.swift; path = DrillsQueueViewController.swift; sourceTree = "<group>"; };
		29456BDF24731E5900E8E7D9 /* DrillsQueueViewCell.swift */ = {isa = PBXFileReference; lastKnownFileType = sourcecode.swift; path = DrillsQueueViewCell.swift; sourceTree = "<group>"; };
		29456BE1247434DD00E8E7D9 /* GradientBackgroundView.swift */ = {isa = PBXFileReference; lastKnownFileType = sourcecode.swift; path = GradientBackgroundView.swift; sourceTree = "<group>"; };
		29456BEC24770DCB00E8E7D9 /* ProgressLabelSlider.swift */ = {isa = PBXFileReference; lastKnownFileType = sourcecode.swift; path = ProgressLabelSlider.swift; sourceTree = "<group>"; };
		295AC80E246B132E00A1805D /* TestCoreDataHelper.swift */ = {isa = PBXFileReference; lastKnownFileType = sourcecode.swift; path = TestCoreDataHelper.swift; sourceTree = "<group>"; };
		295AC810246B2E5B00A1805D /* AttemptsTrackerTests.swift */ = {isa = PBXFileReference; lastKnownFileType = sourcecode.swift; path = AttemptsTrackerTests.swift; sourceTree = "<group>"; };
		295AC812246B2E6B00A1805D /* DurationTrackerTests.swift */ = {isa = PBXFileReference; lastKnownFileType = sourcecode.swift; path = DurationTrackerTests.swift; sourceTree = "<group>"; };
		295AC814246B2E7A00A1805D /* DrillTrackerTests.swift */ = {isa = PBXFileReference; lastKnownFileType = sourcecode.swift; path = DrillTrackerTests.swift; sourceTree = "<group>"; };
		295AC816246DACF600A1805D /* DrillRecord.swift */ = {isa = PBXFileReference; lastKnownFileType = sourcecode.swift; path = DrillRecord.swift; sourceTree = "<group>"; };
		295AC818246DCC2000A1805D /* DrillRecorder.swift */ = {isa = PBXFileReference; lastKnownFileType = sourcecode.swift; path = DrillRecorder.swift; sourceTree = "<group>"; };
		295AC81A246DCE9300A1805D /* DrillRecorderTests.swift */ = {isa = PBXFileReference; lastKnownFileType = sourcecode.swift; path = DrillRecorderTests.swift; sourceTree = "<group>"; };
		295AC81C246DE37900A1805D /* ResultsViewController.swift */ = {isa = PBXFileReference; lastKnownFileType = sourcecode.swift; path = ResultsViewController.swift; sourceTree = "<group>"; };
		295AC81F247034FC00A1805D /* FetchedTableViewController.swift */ = {isa = PBXFileReference; lastKnownFileType = sourcecode.swift; path = FetchedTableViewController.swift; sourceTree = "<group>"; };
		29874EE1247D97E300061787 /* ActionButton.swift */ = {isa = PBXFileReference; lastKnownFileType = sourcecode.swift; path = ActionButton.swift; sourceTree = "<group>"; };
		29874F29247F9D4D00061787 /* SeparatorlessCell.swift */ = {isa = PBXFileReference; lastKnownFileType = sourcecode.swift; path = SeparatorlessCell.swift; sourceTree = "<group>"; };
		29874F2B248271BF00061787 /* GradientBackgroundTableView.swift */ = {isa = PBXFileReference; lastKnownFileType = sourcecode.swift; path = GradientBackgroundTableView.swift; sourceTree = "<group>"; };
		29888880242E9A8A00D11427 /* DrillSetupViewController.swift */ = {isa = PBXFileReference; lastKnownFileType = sourcecode.swift; path = DrillSetupViewController.swift; sourceTree = "<group>"; };
		29888882242FF18700D11427 /* FetchedRoutinesViewController.swift */ = {isa = PBXFileReference; lastKnownFileType = sourcecode.swift; path = FetchedRoutinesViewController.swift; sourceTree = "<group>"; };
		298888842430DAB300D11427 /* RoutineSetupViewController.swift */ = {isa = PBXFileReference; lastKnownFileType = sourcecode.swift; path = RoutineSetupViewController.swift; sourceTree = "<group>"; };
		298888862431291F00D11427 /* DrillsSelectionViewController.swift */ = {isa = PBXFileReference; lastKnownFileType = sourcecode.swift; path = DrillsSelectionViewController.swift; sourceTree = "<group>"; };
		298888D12437D4A100D11427 /* CoreDataStack.swift */ = {isa = PBXFileReference; lastKnownFileType = sourcecode.swift; path = CoreDataStack.swift; sourceTree = "<group>"; };
		298888D42438CD7B00D11427 /* PoolDrills.xcdatamodel */ = {isa = PBXFileReference; lastKnownFileType = wrapper.xcdatamodel; path = PoolDrills.xcdatamodel; sourceTree = "<group>"; };
		29933D50241438400013EB94 /* PoolDrills.app */ = {isa = PBXFileReference; explicitFileType = wrapper.application; includeInIndex = 0; path = PoolDrills.app; sourceTree = BUILT_PRODUCTS_DIR; };
		29933D53241438400013EB94 /* AppDelegate.swift */ = {isa = PBXFileReference; lastKnownFileType = sourcecode.swift; path = AppDelegate.swift; sourceTree = "<group>"; };
		29933D55241438400013EB94 /* SceneDelegate.swift */ = {isa = PBXFileReference; lastKnownFileType = sourcecode.swift; path = SceneDelegate.swift; sourceTree = "<group>"; };
		29933D5A241438400013EB94 /* Base */ = {isa = PBXFileReference; lastKnownFileType = file.storyboard; name = Base; path = Base.lproj/Main.storyboard; sourceTree = "<group>"; };
		29933D5C241438420013EB94 /* Assets.xcassets */ = {isa = PBXFileReference; lastKnownFileType = folder.assetcatalog; path = Assets.xcassets; sourceTree = "<group>"; };
		29933D5F241438420013EB94 /* Base */ = {isa = PBXFileReference; lastKnownFileType = file.storyboard; name = Base; path = Base.lproj/LaunchScreen.storyboard; sourceTree = "<group>"; };
		29933D61241438420013EB94 /* Info.plist */ = {isa = PBXFileReference; lastKnownFileType = text.plist.xml; path = Info.plist; sourceTree = "<group>"; };
		29933D66241438420013EB94 /* PoolDrillsTests.xctest */ = {isa = PBXFileReference; explicitFileType = wrapper.cfbundle; includeInIndex = 0; path = PoolDrillsTests.xctest; sourceTree = BUILT_PRODUCTS_DIR; };
		29933D6C241438430013EB94 /* Info.plist */ = {isa = PBXFileReference; lastKnownFileType = text.plist.xml; path = Info.plist; sourceTree = "<group>"; };
		29933D71241438430013EB94 /* PoolDrillsUITests.xctest */ = {isa = PBXFileReference; explicitFileType = wrapper.cfbundle; includeInIndex = 0; path = PoolDrillsUITests.xctest; sourceTree = BUILT_PRODUCTS_DIR; };
		29933D75241438430013EB94 /* PoolDrillsUITests.swift */ = {isa = PBXFileReference; lastKnownFileType = sourcecode.swift; path = PoolDrillsUITests.swift; sourceTree = "<group>"; };
		29933D77241438430013EB94 /* Info.plist */ = {isa = PBXFileReference; lastKnownFileType = text.plist.xml; path = Info.plist; sourceTree = "<group>"; };
		29933D87241439150013EB94 /* FetchedDrillsViewController.swift */ = {isa = PBXFileReference; lastKnownFileType = sourcecode.swift; path = FetchedDrillsViewController.swift; sourceTree = "<group>"; };
		29A303B7247BD3540038E3D2 /* ConfirmationPopoverViewController.swift */ = {isa = PBXFileReference; lastKnownFileType = sourcecode.swift; path = ConfirmationPopoverViewController.swift; sourceTree = "<group>"; };
		29A303B9247C02400038E3D2 /* ConfirmationPopoverView.xib */ = {isa = PBXFileReference; lastKnownFileType = file.xib; path = ConfirmationPopoverView.xib; sourceTree = "<group>"; };
		29B38E402448E03C005EEB1B /* RoutineCell.swift */ = {isa = PBXFileReference; lastKnownFileType = sourcecode.swift; path = RoutineCell.swift; sourceTree = "<group>"; };
		29B38E42244B83AF005EEB1B /* DrillTracker.swift */ = {isa = PBXFileReference; lastKnownFileType = sourcecode.swift; path = DrillTracker.swift; sourceTree = "<group>"; };
		29B38E542465D4EF005EEB1B /* DurationTracker.swift */ = {isa = PBXFileReference; lastKnownFileType = sourcecode.swift; path = DurationTracker.swift; sourceTree = "<group>"; };
		29B38E562465D5BA005EEB1B /* AttemptsTracker.swift */ = {isa = PBXFileReference; lastKnownFileType = sourcecode.swift; path = AttemptsTracker.swift; sourceTree = "<group>"; };
		29D0DDD6247955AD0012882D /* DrillCell.swift */ = {isa = PBXFileReference; lastKnownFileType = sourcecode.swift; path = DrillCell.swift; sourceTree = "<group>"; };
		29D0DDD924798E3F0012882D /* Extensions.swift */ = {isa = PBXFileReference; lastKnownFileType = sourcecode.swift; path = Extensions.swift; sourceTree = "<group>"; };
		29D0DDDC24798F470012882D /* CustomSelectedBackgroundCell.swift */ = {isa = PBXFileReference; lastKnownFileType = sourcecode.swift; path = CustomSelectedBackgroundCell.swift; sourceTree = "<group>"; };
		29D4D6DC248437680060B819 /* ResultsViewCell.swift */ = {isa = PBXFileReference; lastKnownFileType = sourcecode.swift; path = ResultsViewCell.swift; sourceTree = "<group>"; };
		29D660C42447861C00339A03 /* RoutineRunningViewController.swift */ = {isa = PBXFileReference; lastKnownFileType = sourcecode.swift; path = RoutineRunningViewController.swift; sourceTree = "<group>"; };
/* End PBXFileReference section */

/* Begin PBXFrameworksBuildPhase section */
		29933D4D241438400013EB94 /* Frameworks */ = {
			isa = PBXFrameworksBuildPhase;
			buildActionMask = 2147483647;
			files = (
			);
			runOnlyForDeploymentPostprocessing = 0;
		};
		29933D63241438420013EB94 /* Frameworks */ = {
			isa = PBXFrameworksBuildPhase;
			buildActionMask = 2147483647;
			files = (
			);
			runOnlyForDeploymentPostprocessing = 0;
		};
		29933D6E241438430013EB94 /* Frameworks */ = {
			isa = PBXFrameworksBuildPhase;
			buildActionMask = 2147483647;
			files = (
			);
			runOnlyForDeploymentPostprocessing = 0;
		};
/* End PBXFrameworksBuildPhase section */

/* Begin PBXGroup section */
		29361C332486EA96007465C9 /* Views */ = {
			isa = PBXGroup;
			children = (
				29A303B9247C02400038E3D2 /* ConfirmationPopoverView.xib */,
				29874F2B248271BF00061787 /* GradientBackgroundTableView.swift */,
				29456BE1247434DD00E8E7D9 /* GradientBackgroundView.swift */,
			);
			path = Views;
			sourceTree = "<group>";
		};
		29933D47241438400013EB94 = {
			isa = PBXGroup;
			children = (
				29933D52241438400013EB94 /* PoolDrills */,
				29933D69241438430013EB94 /* PoolDrillsTests */,
				29933D74241438430013EB94 /* PoolDrillsUITests */,
				29933D51241438400013EB94 /* Products */,
			);
			sourceTree = "<group>";
		};
		29933D51241438400013EB94 /* Products */ = {
			isa = PBXGroup;
			children = (
				29933D50241438400013EB94 /* PoolDrills.app */,
				29933D66241438420013EB94 /* PoolDrillsTests.xctest */,
				29933D71241438430013EB94 /* PoolDrillsUITests.xctest */,
			);
			name = Products;
			sourceTree = "<group>";
		};
		29933D52241438400013EB94 /* PoolDrills */ = {
			isa = PBXGroup;
			children = (
				29933D53241438400013EB94 /* AppDelegate.swift */,
				29933D55241438400013EB94 /* SceneDelegate.swift */,
				29933D84241438DB0013EB94 /* Controllers */,
				29933D83241438D40013EB94 /* Models */,
				29B38E3F2448DFF9005EEB1B /* Views */,
				29D0DDD824798E280012882D /* Support */,
				29933D59241438400013EB94 /* Main.storyboard */,
				29933D5C241438420013EB94 /* Assets.xcassets */,
				29933D5E241438420013EB94 /* LaunchScreen.storyboard */,
				29933D61241438420013EB94 /* Info.plist */,
			);
			path = PoolDrills;
			sourceTree = "<group>";
		};
		29933D69241438430013EB94 /* PoolDrillsTests */ = {
			isa = PBXGroup;
			children = (
				29B38E49244E3106005EEB1B /* ControllerTests */,
				29B38E48244E30F4005EEB1B /* ModelTests */,
				29933D6C241438430013EB94 /* Info.plist */,
				295AC80E246B132E00A1805D /* TestCoreDataHelper.swift */,
			);
			path = PoolDrillsTests;
			sourceTree = "<group>";
		};
		29933D74241438430013EB94 /* PoolDrillsUITests */ = {
			isa = PBXGroup;
			children = (
				29933D75241438430013EB94 /* PoolDrillsUITests.swift */,
				29933D77241438430013EB94 /* Info.plist */,
			);
			path = PoolDrillsUITests;
			sourceTree = "<group>";
		};
		29933D83241438D40013EB94 /* Models */ = {
			isa = PBXGroup;
			children = (
				29B38E562465D5BA005EEB1B /* AttemptsTracker.swift */,
				298888D12437D4A100D11427 /* CoreDataStack.swift */,
				295AC816246DACF600A1805D /* DrillRecord.swift */,
				295AC818246DCC2000A1805D /* DrillRecorder.swift */,
				29B38E42244B83AF005EEB1B /* DrillTracker.swift */,
				29B38E542465D4EF005EEB1B /* DurationTracker.swift */,
				298888D32438CD7B00D11427 /* PoolDrills.xcdatamodeld */,
			);
			path = Models;
			sourceTree = "<group>";
		};
		29933D84241438DB0013EB94 /* Controllers */ = {
			isa = PBXGroup;
			children = (
				29A303B7247BD3540038E3D2 /* ConfirmationPopoverViewController.swift */,
				29456BDD24718A4800E8E7D9 /* DrillsQueueViewController.swift */,
				29888880242E9A8A00D11427 /* DrillSetupViewController.swift */,
				298888862431291F00D11427 /* DrillsSelectionViewController.swift */,
				29933D87241439150013EB94 /* FetchedDrillsViewController.swift */,
				29888882242FF18700D11427 /* FetchedRoutinesViewController.swift */,
				295AC81F247034FC00A1805D /* FetchedTableViewController.swift */,
				295AC81C246DE37900A1805D /* ResultsViewController.swift */,
				298888842430DAB300D11427 /* RoutineSetupViewController.swift */,
				29D660C42447861C00339A03 /* RoutineRunningViewController.swift */,
			);
			path = Controllers;
			sourceTree = "<group>";
		};
		29B38E3F2448DFF9005EEB1B /* Views */ = {
			isa = PBXGroup;
			children = (
				29874EE1247D97E300061787 /* ActionButton.swift */,
				29D0DDDB24798EE90012882D /* Cells */,
				29456BEC24770DCB00E8E7D9 /* ProgressLabelSlider.swift */,
				29361C332486EA96007465C9 /* Views */,
			);
			path = Views;
			sourceTree = "<group>";
		};
		29B38E48244E30F4005EEB1B /* ModelTests */ = {
			isa = PBXGroup;
			children = (
				295AC810246B2E5B00A1805D /* AttemptsTrackerTests.swift */,
				295AC814246B2E7A00A1805D /* DrillTrackerTests.swift */,
				295AC812246B2E6B00A1805D /* DurationTrackerTests.swift */,
				295AC81A246DCE9300A1805D /* DrillRecorderTests.swift */,
			);
			path = ModelTests;
			sourceTree = "<group>";
		};
		29B38E49244E3106005EEB1B /* ControllerTests */ = {
			isa = PBXGroup;
			children = (
			);
			path = ControllerTests;
			sourceTree = "<group>";
		};
		29D0DDD824798E280012882D /* Support */ = {
			isa = PBXGroup;
			children = (
				29D0DDD924798E3F0012882D /* Extensions.swift */,
			);
			path = Support;
			sourceTree = "<group>";
		};
		29D0DDDB24798EE90012882D /* Cells */ = {
			isa = PBXGroup;
			children = (
				29D0DDDC24798F470012882D /* CustomSelectedBackgroundCell.swift */,
				29D0DDD6247955AD0012882D /* DrillCell.swift */,
				29456BDF24731E5900E8E7D9 /* DrillsQueueViewCell.swift */,
				29B38E402448E03C005EEB1B /* RoutineCell.swift */,
				29874F29247F9D4D00061787 /* SeparatorlessCell.swift */,
				29D4D6DC248437680060B819 /* ResultsViewCell.swift */,
			);
			path = Cells;
			sourceTree = "<group>";
		};
/* End PBXGroup section */

/* Begin PBXNativeTarget section */
		29933D4F241438400013EB94 /* PoolDrills */ = {
			isa = PBXNativeTarget;
			buildConfigurationList = 29933D7A241438430013EB94 /* Build configuration list for PBXNativeTarget "PoolDrills" */;
			buildPhases = (
				29933D4C241438400013EB94 /* Sources */,
				29933D4D241438400013EB94 /* Frameworks */,
				29933D4E241438400013EB94 /* Resources */,
				295AC81E246F16B900A1805D /* ShellScript */,
			);
			buildRules = (
			);
			dependencies = (
			);
			name = PoolDrills;
			productName = PoolDrills;
			productReference = 29933D50241438400013EB94 /* PoolDrills.app */;
			productType = "com.apple.product-type.application";
		};
		29933D65241438420013EB94 /* PoolDrillsTests */ = {
			isa = PBXNativeTarget;
			buildConfigurationList = 29933D7D241438430013EB94 /* Build configuration list for PBXNativeTarget "PoolDrillsTests" */;
			buildPhases = (
				29933D62241438420013EB94 /* Sources */,
				29933D63241438420013EB94 /* Frameworks */,
				29933D64241438420013EB94 /* Resources */,
			);
			buildRules = (
			);
			dependencies = (
				29933D68241438420013EB94 /* PBXTargetDependency */,
			);
			name = PoolDrillsTests;
			productName = PoolDrillsTests;
			productReference = 29933D66241438420013EB94 /* PoolDrillsTests.xctest */;
			productType = "com.apple.product-type.bundle.unit-test";
		};
		29933D70241438430013EB94 /* PoolDrillsUITests */ = {
			isa = PBXNativeTarget;
			buildConfigurationList = 29933D80241438430013EB94 /* Build configuration list for PBXNativeTarget "PoolDrillsUITests" */;
			buildPhases = (
				29933D6D241438430013EB94 /* Sources */,
				29933D6E241438430013EB94 /* Frameworks */,
				29933D6F241438430013EB94 /* Resources */,
			);
			buildRules = (
			);
			dependencies = (
				29933D73241438430013EB94 /* PBXTargetDependency */,
			);
			name = PoolDrillsUITests;
			productName = PoolDrillsUITests;
			productReference = 29933D71241438430013EB94 /* PoolDrillsUITests.xctest */;
			productType = "com.apple.product-type.bundle.ui-testing";
		};
/* End PBXNativeTarget section */

/* Begin PBXProject section */
		29933D48241438400013EB94 /* Project object */ = {
			isa = PBXProject;
			attributes = {
				LastSwiftUpdateCheck = 1130;
				LastUpgradeCheck = 1130;
				ORGANIZATIONNAME = Marius;
				TargetAttributes = {
					29933D4F241438400013EB94 = {
						CreatedOnToolsVersion = 11.3.1;
					};
					29933D65241438420013EB94 = {
						CreatedOnToolsVersion = 11.3.1;
						TestTargetID = 29933D4F241438400013EB94;
					};
					29933D70241438430013EB94 = {
						CreatedOnToolsVersion = 11.3.1;
						TestTargetID = 29933D4F241438400013EB94;
					};
				};
			};
			buildConfigurationList = 29933D4B241438400013EB94 /* Build configuration list for PBXProject "PoolDrills" */;
			compatibilityVersion = "Xcode 9.3";
			developmentRegion = en;
			hasScannedForEncodings = 0;
			knownRegions = (
				en,
				Base,
			);
			mainGroup = 29933D47241438400013EB94;
			productRefGroup = 29933D51241438400013EB94 /* Products */;
			projectDirPath = "";
			projectRoot = "";
			targets = (
				29933D4F241438400013EB94 /* PoolDrills */,
				29933D65241438420013EB94 /* PoolDrillsTests */,
				29933D70241438430013EB94 /* PoolDrillsUITests */,
			);
		};
/* End PBXProject section */

/* Begin PBXResourcesBuildPhase section */
		29933D4E241438400013EB94 /* Resources */ = {
			isa = PBXResourcesBuildPhase;
			buildActionMask = 2147483647;
			files = (
				29933D60241438420013EB94 /* LaunchScreen.storyboard in Resources */,
				29A303BA247C02400038E3D2 /* ConfirmationPopoverView.xib in Resources */,
				29933D5D241438420013EB94 /* Assets.xcassets in Resources */,
				29933D5B241438400013EB94 /* Main.storyboard in Resources */,
			);
			runOnlyForDeploymentPostprocessing = 0;
		};
		29933D64241438420013EB94 /* Resources */ = {
			isa = PBXResourcesBuildPhase;
			buildActionMask = 2147483647;
			files = (
			);
			runOnlyForDeploymentPostprocessing = 0;
		};
		29933D6F241438430013EB94 /* Resources */ = {
			isa = PBXResourcesBuildPhase;
			buildActionMask = 2147483647;
			files = (
			);
			runOnlyForDeploymentPostprocessing = 0;
		};
/* End PBXResourcesBuildPhase section */

/* Begin PBXShellScriptBuildPhase section */
		295AC81E246F16B900A1805D /* ShellScript */ = {
			isa = PBXShellScriptBuildPhase;
			buildActionMask = 2147483647;
			files = (
			);
			inputFileListPaths = (
			);
			inputPaths = (
			);
			outputFileListPaths = (
			);
			outputPaths = (
			);
			runOnlyForDeploymentPostprocessing = 0;
			shellPath = /bin/sh;
			shellScript = "if which swiftlint >/dev/null; then\n  swiftlint\nelse\n  echo \"warning: SwiftLint not installed, download from https://github.com/realm/SwiftLint\"\nfi\n";
		};
/* End PBXShellScriptBuildPhase section */

/* Begin PBXSourcesBuildPhase section */
		29933D4C241438400013EB94 /* Sources */ = {
			isa = PBXSourcesBuildPhase;
			buildActionMask = 2147483647;
			files = (
				29B38E552465D4EF005EEB1B /* DurationTracker.swift in Sources */,
				29B38E412448E03C005EEB1B /* RoutineCell.swift in Sources */,
				29456BE024731E5900E8E7D9 /* DrillsQueueViewCell.swift in Sources */,
				29456BE2247434DD00E8E7D9 /* GradientBackgroundView.swift in Sources */,
				29874F2C248271BF00061787 /* GradientBackgroundTableView.swift in Sources */,
				29B38E572465D5BA005EEB1B /* AttemptsTracker.swift in Sources */,
				29888881242E9A8A00D11427 /* DrillSetupViewController.swift in Sources */,
				29874F2A247F9D4D00061787 /* SeparatorlessCell.swift in Sources */,
				295AC817246DACF600A1805D /* DrillRecord.swift in Sources */,
				29D4D6DD248437680060B819 /* ResultsViewCell.swift in Sources */,
				298888872431291F00D11427 /* DrillsSelectionViewController.swift in Sources */,
				29933D54241438400013EB94 /* AppDelegate.swift in Sources */,
				29456BED24770DCB00E8E7D9 /* ProgressLabelSlider.swift in Sources */,
				295AC81D246DE37900A1805D /* ResultsViewController.swift in Sources */,
				29A303B8247BD3540038E3D2 /* ConfirmationPopoverViewController.swift in Sources */,
				298888D22437D4A100D11427 /* CoreDataStack.swift in Sources */,
				29D660C52447861C00339A03 /* RoutineRunningViewController.swift in Sources */,
				29874EE2247D97E300061787 /* ActionButton.swift in Sources */,
				29B38E43244B83AF005EEB1B /* DrillTracker.swift in Sources */,
				29933D56241438400013EB94 /* SceneDelegate.swift in Sources */,
				295AC820247034FC00A1805D /* FetchedTableViewController.swift in Sources */,
				295AC819246DCC2000A1805D /* DrillRecorder.swift in Sources */,
				29933D88241439150013EB94 /* FetchedDrillsViewController.swift in Sources */,
				29456BDE24718A4800E8E7D9 /* DrillsQueueViewController.swift in Sources */,
				29D0DDDA24798E3F0012882D /* Extensions.swift in Sources */,
				29D0DDDD24798F470012882D /* CustomSelectedBackgroundCell.swift in Sources */,
				29D0DDD7247955AD0012882D /* DrillCell.swift in Sources */,
				298888852430DAB300D11427 /* RoutineSetupViewController.swift in Sources */,
				29888883242FF18700D11427 /* FetchedRoutinesViewController.swift in Sources */,
				298888D52438CD7B00D11427 /* PoolDrills.xcdatamodeld in Sources */,
			);
			runOnlyForDeploymentPostprocessing = 0;
		};
		29933D62241438420013EB94 /* Sources */ = {
			isa = PBXSourcesBuildPhase;
			buildActionMask = 2147483647;
			files = (
				295AC813246B2E6B00A1805D /* DurationTrackerTests.swift in Sources */,
				295AC81B246DCE9300A1805D /* DrillRecorderTests.swift in Sources */,
				295AC80F246B132E00A1805D /* TestCoreDataHelper.swift in Sources */,
				295AC811246B2E5B00A1805D /* AttemptsTrackerTests.swift in Sources */,
				295AC815246B2E7A00A1805D /* DrillTrackerTests.swift in Sources */,
			);
			runOnlyForDeploymentPostprocessing = 0;
		};
		29933D6D241438430013EB94 /* Sources */ = {
			isa = PBXSourcesBuildPhase;
			buildActionMask = 2147483647;
			files = (
				29933D76241438430013EB94 /* PoolDrillsUITests.swift in Sources */,
			);
			runOnlyForDeploymentPostprocessing = 0;
		};
/* End PBXSourcesBuildPhase section */

/* Begin PBXTargetDependency section */
		29933D68241438420013EB94 /* PBXTargetDependency */ = {
			isa = PBXTargetDependency;
			target = 29933D4F241438400013EB94 /* PoolDrills */;
			targetProxy = 29933D67241438420013EB94 /* PBXContainerItemProxy */;
		};
		29933D73241438430013EB94 /* PBXTargetDependency */ = {
			isa = PBXTargetDependency;
			target = 29933D4F241438400013EB94 /* PoolDrills */;
			targetProxy = 29933D72241438430013EB94 /* PBXContainerItemProxy */;
		};
/* End PBXTargetDependency section */

/* Begin PBXVariantGroup section */
		29933D59241438400013EB94 /* Main.storyboard */ = {
			isa = PBXVariantGroup;
			children = (
				29933D5A241438400013EB94 /* Base */,
			);
			name = Main.storyboard;
			sourceTree = "<group>";
		};
		29933D5E241438420013EB94 /* LaunchScreen.storyboard */ = {
			isa = PBXVariantGroup;
			children = (
				29933D5F241438420013EB94 /* Base */,
			);
			name = LaunchScreen.storyboard;
			sourceTree = "<group>";
		};
/* End PBXVariantGroup section */

/* Begin XCBuildConfiguration section */
		29933D78241438430013EB94 /* Debug */ = {
			isa = XCBuildConfiguration;
			buildSettings = {
				ALWAYS_SEARCH_USER_PATHS = NO;
				CLANG_ANALYZER_NONNULL = YES;
				CLANG_ANALYZER_NUMBER_OBJECT_CONVERSION = YES_AGGRESSIVE;
				CLANG_CXX_LANGUAGE_STANDARD = "gnu++14";
				CLANG_CXX_LIBRARY = "libc++";
				CLANG_ENABLE_MODULES = YES;
				CLANG_ENABLE_OBJC_ARC = YES;
				CLANG_ENABLE_OBJC_WEAK = YES;
				CLANG_WARN_BLOCK_CAPTURE_AUTORELEASING = YES;
				CLANG_WARN_BOOL_CONVERSION = YES;
				CLANG_WARN_COMMA = YES;
				CLANG_WARN_CONSTANT_CONVERSION = YES;
				CLANG_WARN_DEPRECATED_OBJC_IMPLEMENTATIONS = YES;
				CLANG_WARN_DIRECT_OBJC_ISA_USAGE = YES_ERROR;
				CLANG_WARN_DOCUMENTATION_COMMENTS = YES;
				CLANG_WARN_EMPTY_BODY = YES;
				CLANG_WARN_ENUM_CONVERSION = YES;
				CLANG_WARN_INFINITE_RECURSION = YES;
				CLANG_WARN_INT_CONVERSION = YES;
				CLANG_WARN_NON_LITERAL_NULL_CONVERSION = YES;
				CLANG_WARN_OBJC_IMPLICIT_RETAIN_SELF = YES;
				CLANG_WARN_OBJC_LITERAL_CONVERSION = YES;
				CLANG_WARN_OBJC_ROOT_CLASS = YES_ERROR;
				CLANG_WARN_RANGE_LOOP_ANALYSIS = YES;
				CLANG_WARN_STRICT_PROTOTYPES = YES;
				CLANG_WARN_SUSPICIOUS_MOVE = YES;
				CLANG_WARN_UNGUARDED_AVAILABILITY = YES_AGGRESSIVE;
				CLANG_WARN_UNREACHABLE_CODE = YES;
				CLANG_WARN__DUPLICATE_METHOD_MATCH = YES;
				COPY_PHASE_STRIP = NO;
				DEBUG_INFORMATION_FORMAT = dwarf;
				ENABLE_STRICT_OBJC_MSGSEND = YES;
				ENABLE_TESTABILITY = YES;
				GCC_C_LANGUAGE_STANDARD = gnu11;
				GCC_DYNAMIC_NO_PIC = NO;
				GCC_NO_COMMON_BLOCKS = YES;
				GCC_OPTIMIZATION_LEVEL = 0;
				GCC_PREPROCESSOR_DEFINITIONS = (
					"DEBUG=1",
					"$(inherited)",
				);
				GCC_WARN_64_TO_32_BIT_CONVERSION = YES;
				GCC_WARN_ABOUT_RETURN_TYPE = YES_ERROR;
				GCC_WARN_UNDECLARED_SELECTOR = YES;
				GCC_WARN_UNINITIALIZED_AUTOS = YES_AGGRESSIVE;
				GCC_WARN_UNUSED_FUNCTION = YES;
				GCC_WARN_UNUSED_VARIABLE = YES;
				IPHONEOS_DEPLOYMENT_TARGET = 11.0;
				MTL_ENABLE_DEBUG_INFO = INCLUDE_SOURCE;
				MTL_FAST_MATH = YES;
				ONLY_ACTIVE_ARCH = YES;
				SDKROOT = iphoneos;
				SWIFT_ACTIVE_COMPILATION_CONDITIONS = DEBUG;
				SWIFT_OPTIMIZATION_LEVEL = "-Onone";
			};
			name = Debug;
		};
		29933D79241438430013EB94 /* Release */ = {
			isa = XCBuildConfiguration;
			buildSettings = {
				ALWAYS_SEARCH_USER_PATHS = NO;
				CLANG_ANALYZER_NONNULL = YES;
				CLANG_ANALYZER_NUMBER_OBJECT_CONVERSION = YES_AGGRESSIVE;
				CLANG_CXX_LANGUAGE_STANDARD = "gnu++14";
				CLANG_CXX_LIBRARY = "libc++";
				CLANG_ENABLE_MODULES = YES;
				CLANG_ENABLE_OBJC_ARC = YES;
				CLANG_ENABLE_OBJC_WEAK = YES;
				CLANG_WARN_BLOCK_CAPTURE_AUTORELEASING = YES;
				CLANG_WARN_BOOL_CONVERSION = YES;
				CLANG_WARN_COMMA = YES;
				CLANG_WARN_CONSTANT_CONVERSION = YES;
				CLANG_WARN_DEPRECATED_OBJC_IMPLEMENTATIONS = YES;
				CLANG_WARN_DIRECT_OBJC_ISA_USAGE = YES_ERROR;
				CLANG_WARN_DOCUMENTATION_COMMENTS = YES;
				CLANG_WARN_EMPTY_BODY = YES;
				CLANG_WARN_ENUM_CONVERSION = YES;
				CLANG_WARN_INFINITE_RECURSION = YES;
				CLANG_WARN_INT_CONVERSION = YES;
				CLANG_WARN_NON_LITERAL_NULL_CONVERSION = YES;
				CLANG_WARN_OBJC_IMPLICIT_RETAIN_SELF = YES;
				CLANG_WARN_OBJC_LITERAL_CONVERSION = YES;
				CLANG_WARN_OBJC_ROOT_CLASS = YES_ERROR;
				CLANG_WARN_RANGE_LOOP_ANALYSIS = YES;
				CLANG_WARN_STRICT_PROTOTYPES = YES;
				CLANG_WARN_SUSPICIOUS_MOVE = YES;
				CLANG_WARN_UNGUARDED_AVAILABILITY = YES_AGGRESSIVE;
				CLANG_WARN_UNREACHABLE_CODE = YES;
				CLANG_WARN__DUPLICATE_METHOD_MATCH = YES;
				COPY_PHASE_STRIP = NO;
				DEBUG_INFORMATION_FORMAT = "dwarf-with-dsym";
				ENABLE_NS_ASSERTIONS = NO;
				ENABLE_STRICT_OBJC_MSGSEND = YES;
				GCC_C_LANGUAGE_STANDARD = gnu11;
				GCC_NO_COMMON_BLOCKS = YES;
				GCC_WARN_64_TO_32_BIT_CONVERSION = YES;
				GCC_WARN_ABOUT_RETURN_TYPE = YES_ERROR;
				GCC_WARN_UNDECLARED_SELECTOR = YES;
				GCC_WARN_UNINITIALIZED_AUTOS = YES_AGGRESSIVE;
				GCC_WARN_UNUSED_FUNCTION = YES;
				GCC_WARN_UNUSED_VARIABLE = YES;
				IPHONEOS_DEPLOYMENT_TARGET = 11.0;
				MTL_ENABLE_DEBUG_INFO = NO;
				MTL_FAST_MATH = YES;
				SDKROOT = iphoneos;
				SWIFT_COMPILATION_MODE = wholemodule;
				SWIFT_OPTIMIZATION_LEVEL = "-O";
				VALIDATE_PRODUCT = YES;
			};
			name = Release;
		};
		29933D7B241438430013EB94 /* Debug */ = {
			isa = XCBuildConfiguration;
			buildSettings = {
				ASSETCATALOG_COMPILER_APPICON_NAME = AppIcon;
				CODE_SIGN_STYLE = Automatic;
				DEVELOPMENT_TEAM = LZTF7R47SK;
				INFOPLIST_FILE = PoolDrills/Info.plist;
				LD_RUNPATH_SEARCH_PATHS = (
					"$(inherited)",
					"@executable_path/Frameworks",
				);
				PRODUCT_BUNDLE_IDENTIFIER = com.MariusK.PoolDrills;
				PRODUCT_NAME = "$(TARGET_NAME)";
				SWIFT_VERSION = 5.0;
				TARGETED_DEVICE_FAMILY = "1,2";
			};
			name = Debug;
		};
		29933D7C241438430013EB94 /* Release */ = {
			isa = XCBuildConfiguration;
			buildSettings = {
				ASSETCATALOG_COMPILER_APPICON_NAME = AppIcon;
				CODE_SIGN_STYLE = Automatic;
				DEVELOPMENT_TEAM = LZTF7R47SK;
				INFOPLIST_FILE = PoolDrills/Info.plist;
				LD_RUNPATH_SEARCH_PATHS = (
					"$(inherited)",
					"@executable_path/Frameworks",
				);
				PRODUCT_BUNDLE_IDENTIFIER = com.MariusK.PoolDrills;
				PRODUCT_NAME = "$(TARGET_NAME)";
				SWIFT_VERSION = 5.0;
				TARGETED_DEVICE_FAMILY = "1,2";
			};
			name = Release;
		};
		29933D7E241438430013EB94 /* Debug */ = {
			isa = XCBuildConfiguration;
			buildSettings = {
				ALWAYS_EMBED_SWIFT_STANDARD_LIBRARIES = YES;
				BUNDLE_LOADER = "$(TEST_HOST)";
				CODE_SIGN_STYLE = Automatic;
				DEVELOPMENT_TEAM = LZTF7R47SK;
				INFOPLIST_FILE = PoolDrillsTests/Info.plist;
				IPHONEOS_DEPLOYMENT_TARGET = 13.2;
				LD_RUNPATH_SEARCH_PATHS = (
					"$(inherited)",
					"@executable_path/Frameworks",
					"@loader_path/Frameworks",
				);
				PRODUCT_BUNDLE_IDENTIFIER = com.MariusK.PoolDrillsTests;
				PRODUCT_NAME = "$(TARGET_NAME)";
				SWIFT_VERSION = 5.0;
				TARGETED_DEVICE_FAMILY = "1,2";
				TEST_HOST = "$(BUILT_PRODUCTS_DIR)/PoolDrills.app/PoolDrills";
			};
			name = Debug;
		};
		29933D7F241438430013EB94 /* Release */ = {
			isa = XCBuildConfiguration;
			buildSettings = {
				ALWAYS_EMBED_SWIFT_STANDARD_LIBRARIES = YES;
				BUNDLE_LOADER = "$(TEST_HOST)";
				CODE_SIGN_STYLE = Automatic;
				DEVELOPMENT_TEAM = LZTF7R47SK;
				INFOPLIST_FILE = PoolDrillsTests/Info.plist;
				IPHONEOS_DEPLOYMENT_TARGET = 13.2;
				LD_RUNPATH_SEARCH_PATHS = (
					"$(inherited)",
					"@executable_path/Frameworks",
					"@loader_path/Frameworks",
				);
				PRODUCT_BUNDLE_IDENTIFIER = com.MariusK.PoolDrillsTests;
				PRODUCT_NAME = "$(TARGET_NAME)";
				SWIFT_VERSION = 5.0;
				TARGETED_DEVICE_FAMILY = "1,2";
				TEST_HOST = "$(BUILT_PRODUCTS_DIR)/PoolDrills.app/PoolDrills";
			};
			name = Release;
		};
		29933D81241438430013EB94 /* Debug */ = {
			isa = XCBuildConfiguration;
			buildSettings = {
				ALWAYS_EMBED_SWIFT_STANDARD_LIBRARIES = YES;
				CODE_SIGN_STYLE = Automatic;
				DEVELOPMENT_TEAM = LZTF7R47SK;
				INFOPLIST_FILE = PoolDrillsUITests/Info.plist;
				LD_RUNPATH_SEARCH_PATHS = (
					"$(inherited)",
					"@executable_path/Frameworks",
					"@loader_path/Frameworks",
				);
				PRODUCT_BUNDLE_IDENTIFIER = com.MariusK.PoolDrillsUITests;
				PRODUCT_NAME = "$(TARGET_NAME)";
				SWIFT_VERSION = 5.0;
				TARGETED_DEVICE_FAMILY = "1,2";
				TEST_TARGET_NAME = PoolDrills;
			};
			name = Debug;
		};
		29933D82241438430013EB94 /* Release */ = {
			isa = XCBuildConfiguration;
			buildSettings = {
				ALWAYS_EMBED_SWIFT_STANDARD_LIBRARIES = YES;
				CODE_SIGN_STYLE = Automatic;
				DEVELOPMENT_TEAM = LZTF7R47SK;
				INFOPLIST_FILE = PoolDrillsUITests/Info.plist;
				LD_RUNPATH_SEARCH_PATHS = (
					"$(inherited)",
					"@executable_path/Frameworks",
					"@loader_path/Frameworks",
				);
				PRODUCT_BUNDLE_IDENTIFIER = com.MariusK.PoolDrillsUITests;
				PRODUCT_NAME = "$(TARGET_NAME)";
				SWIFT_VERSION = 5.0;
				TARGETED_DEVICE_FAMILY = "1,2";
				TEST_TARGET_NAME = PoolDrills;
			};
			name = Release;
		};
/* End XCBuildConfiguration section */

/* Begin XCConfigurationList section */
		29933D4B241438400013EB94 /* Build configuration list for PBXProject "PoolDrills" */ = {
			isa = XCConfigurationList;
			buildConfigurations = (
				29933D78241438430013EB94 /* Debug */,
				29933D79241438430013EB94 /* Release */,
			);
			defaultConfigurationIsVisible = 0;
			defaultConfigurationName = Release;
		};
		29933D7A241438430013EB94 /* Build configuration list for PBXNativeTarget "PoolDrills" */ = {
			isa = XCConfigurationList;
			buildConfigurations = (
				29933D7B241438430013EB94 /* Debug */,
				29933D7C241438430013EB94 /* Release */,
			);
			defaultConfigurationIsVisible = 0;
			defaultConfigurationName = Release;
		};
		29933D7D241438430013EB94 /* Build configuration list for PBXNativeTarget "PoolDrillsTests" */ = {
			isa = XCConfigurationList;
			buildConfigurations = (
				29933D7E241438430013EB94 /* Debug */,
				29933D7F241438430013EB94 /* Release */,
			);
			defaultConfigurationIsVisible = 0;
			defaultConfigurationName = Release;
		};
		29933D80241438430013EB94 /* Build configuration list for PBXNativeTarget "PoolDrillsUITests" */ = {
			isa = XCConfigurationList;
			buildConfigurations = (
				29933D81241438430013EB94 /* Debug */,
				29933D82241438430013EB94 /* Release */,
			);
			defaultConfigurationIsVisible = 0;
			defaultConfigurationName = Release;
		};
/* End XCConfigurationList section */

/* Begin XCVersionGroup section */
		298888D32438CD7B00D11427 /* PoolDrills.xcdatamodeld */ = {
			isa = XCVersionGroup;
			children = (
				298888D42438CD7B00D11427 /* PoolDrills.xcdatamodel */,
			);
			currentVersion = 298888D42438CD7B00D11427 /* PoolDrills.xcdatamodel */;
			path = PoolDrills.xcdatamodeld;
			sourceTree = "<group>";
			versionGroupType = wrapper.xcdatamodel;
		};
/* End XCVersionGroup section */
	};
	rootObject = 29933D48241438400013EB94 /* Project object */;
}
